
Microsoft Visual Studio Solution File, Format Version 12.00
Project("{FAE04EC0-301F-11D3-BF4B-00C04F79EFBC}") = "Knižnica", "Knižnica\Knižnica.csproj", "{9B4002FA-5A10-4CE6-ACE4-4C8BB5289416}"
EndProject
Project("{2150E333-8FDC-42A3-9474-1A3956D46DE8}") = "Solution Items", "Solution Items", "{3723056D-607A-458A-9B76-1D4C115854F5}"
	ProjectSection(SolutionItems) = preProject
		compose.yaml = compose.yaml
	EndProjectSection
EndProject
Project("{FAE04EC0-301F-11D3-BF4B-00C04F79EFBC}") = "Infrastructure", "Infrastructure\Infrastructure.csproj", "{57123AE1-E7F0-4810-9D4E-20D3DEA31836}"
EndProject
Project("{FAE04EC0-301F-11D3-BF4B-00C04F79EFBC}") = "Domain", "Domain\Domain.csproj", "{E97CDD27-72E2-46B6-A5E8-3423A16EF1C0}"
EndProject
Project("{FAE04EC0-301F-11D3-BF4B-00C04F79EFBC}") = "Application", "Application\Application.csproj", "{BA5C8BB0-FD1E-425B-9B5B-CF9074EF638C}"
EndProject
Global
	GlobalSection(SolutionConfigurationPlatforms) = preSolution
		Debug|Any CPU = Debug|Any CPU
		Release|Any CPU = Release|Any CPU
	EndGlobalSection
	GlobalSection(ProjectConfigurationPlatforms) = postSolution
		{9B4002FA-5A10-4CE6-ACE4-4C8BB5289416}.Debug|Any CPU.ActiveCfg = Debug|Any CPU
		{9B4002FA-5A10-4CE6-ACE4-4C8BB5289416}.Debug|Any CPU.Build.0 = Debug|Any CPU
		{9B4002FA-5A10-4CE6-ACE4-4C8BB5289416}.Release|Any CPU.ActiveCfg = Release|Any CPU
		{9B4002FA-5A10-4CE6-ACE4-4C8BB5289416}.Release|Any CPU.Build.0 = Release|Any CPU
		{57123AE1-E7F0-4810-9D4E-20D3DEA31836}.Debug|Any CPU.ActiveCfg = Debug|Any CPU
		{57123AE1-E7F0-4810-9D4E-20D3DEA31836}.Debug|Any CPU.Build.0 = Debug|Any CPU
		{57123AE1-E7F0-4810-9D4E-20D3DEA31836}.Release|Any CPU.ActiveCfg = Release|Any CPU
		{57123AE1-E7F0-4810-9D4E-20D3DEA31836}.Release|Any CPU.Build.0 = Release|Any CPU
		{E97CDD27-72E2-46B6-A5E8-3423A16EF1C0}.Debug|Any CPU.ActiveCfg = Debug|Any CPU
		{E97CDD27-72E2-46B6-A5E8-3423A16EF1C0}.Debug|Any CPU.Build.0 = Debug|Any CPU
		{E97CDD27-72E2-46B6-A5E8-3423A16EF1C0}.Release|Any CPU.ActiveCfg = Release|Any CPU
		{E97CDD27-72E2-46B6-A5E8-3423A16EF1C0}.Release|Any CPU.Build.0 = Release|Any CPU
		{BA5C8BB0-FD1E-425B-9B5B-CF9074EF638C}.Debug|Any CPU.ActiveCfg = Debug|Any CPU
		{BA5C8BB0-FD1E-425B-9B5B-CF9074EF638C}.Debug|Any CPU.Build.0 = Debug|Any CPU
		{BA5C8BB0-FD1E-425B-9B5B-CF9074EF638C}.Release|Any CPU.ActiveCfg = Release|Any CPU
		{BA5C8BB0-FD1E-425B-9B5B-CF9074EF638C}.Release|Any CPU.Build.0 = Release|Any CPU
	EndGlobalSection
	GlobalSection(NestedProjects) = preSolution
	EndGlobalSection
EndGlobal
